
Microsoft Visual Studio Solution File, Format Version 12.00
# Visual Studio Version 17
VisualStudioVersion = 17.0.31423.177
MinimumVisualStudioVersion = 10.0.40219.1
Project("{9A19103F-16F7-4668-BE54-9A1E7A4F7556}") = "RBAC.WebAPI", "Presentation\RBAC.WebAPI\RBAC.WebAPI.csproj", "{DE5A2E5F-C0C9-4D4C-A541-7F5CFE39423E}"
EndProject
Project("{9A19103F-16F7-4668-BE54-9A1E7A4F7556}") = "RBAC.Infrastructure.Repository", "Infrastructure\RBAC.Infrastructure.Repository\RBAC.Infrastructure.Repository.csproj", "{98E505CE-F36E-49F1-849A-F6D9619ED7C0}"
EndProject
Project("{2150E333-8FDC-42A3-9474-1A3956D46DE8}") = "Presentation", "Presentation", "{2856816E-9F4C-4CD7-90BB-056A858F52AF}"
EndProject
Project("{2150E333-8FDC-42A3-9474-1A3956D46DE8}") = "Domain", "Domain", "{99289945-B9FE-4013-84ED-69AF749FADE2}"
EndProject
Project("{2150E333-8FDC-42A3-9474-1A3956D46DE8}") = "Infrastructure", "Infrastructure", "{8354C94D-EFDC-4DF6-8EC6-2B6FF63F0CD7}"
EndProject
Project("{9A19103F-16F7-4668-BE54-9A1E7A4F7556}") = "RBAC.Models", "Domain\RBAC.Models\RBAC.Models.csproj", "{0BF0D077-EED0-4953-BEE1-17F738D229C4}"
EndProject
Project("{FAE04EC0-301F-11D3-BF4B-00C04F79EFBC}") = "RBAC.Web", "Presentation\RBAC.Web\RBAC.Web.csproj", "{E14AFF46-8358-41EF-8992-FEAC2EA5850A}"
EndProject
Project("{FAE04EC0-301F-11D3-BF4B-00C04F79EFBC}") = "RBAC.Domain", "Domain\RBAC.Domain\RBAC.Domain.csproj", "{13BF0F5A-8B60-4927-843B-A96E66C8D7A1}"
EndProject
Project("{9A19103F-16F7-4668-BE54-9A1E7A4F7556}") = "RBAC.Entitys", "Infrastructure\RBAC.Entitys\RBAC.Entitys.csproj", "{DF7F3F3C-0397-40AC-87F7-563FA56FBD45}"
EndProject
Project("{FAE04EC0-301F-11D3-BF4B-00C04F79EFBC}") = "RBAC.Core", "Core\RBAC.Core\RBAC.Core.csproj", "{189E05B5-EB86-46AA-A3E0-ABFC0888CA55}"
EndProject
Project("{2150E333-8FDC-42A3-9474-1A3956D46DE8}") = "Core", "Core", "{9F6C94D5-6497-4194-AE9A-FE0C2BC40D8D}"
EndProject
Project("{FAE04EC0-301F-11D3-BF4B-00C04F79EFBC}") = "RBAC.Domain.Service", "Domain\RBAC.Domain.Service\RBAC.Domain.Service.csproj", "{E8EBDA58-9A70-46D4-B824-F028115A51D4}"
EndProject
Global
	GlobalSection(SolutionConfigurationPlatforms) = preSolution
		Debug|Any CPU = Debug|Any CPU
		Debug|x64 = Debug|x64
		Debug|x86 = Debug|x86
		Release|Any CPU = Release|Any CPU
		Release|x64 = Release|x64
		Release|x86 = Release|x86
	EndGlobalSection
	GlobalSection(ProjectConfigurationPlatforms) = postSolution
		{DE5A2E5F-C0C9-4D4C-A541-7F5CFE39423E}.Debug|Any CPU.ActiveCfg = Debug|Any CPU
		{DE5A2E5F-C0C9-4D4C-A541-7F5CFE39423E}.Debug|Any CPU.Build.0 = Debug|Any CPU
		{DE5A2E5F-C0C9-4D4C-A541-7F5CFE39423E}.Debug|x64.ActiveCfg = Debug|Any CPU
		{DE5A2E5F-C0C9-4D4C-A541-7F5CFE39423E}.Debug|x64.Build.0 = Debug|Any CPU
		{DE5A2E5F-C0C9-4D4C-A541-7F5CFE39423E}.Debug|x86.ActiveCfg = Debug|Any CPU
		{DE5A2E5F-C0C9-4D4C-A541-7F5CFE39423E}.Debug|x86.Build.0 = Debug|Any CPU
		{DE5A2E5F-C0C9-4D4C-A541-7F5CFE39423E}.Release|Any CPU.ActiveCfg = Release|Any CPU
		{DE5A2E5F-C0C9-4D4C-A541-7F5CFE39423E}.Release|Any CPU.Build.0 = Release|Any CPU
		{DE5A2E5F-C0C9-4D4C-A541-7F5CFE39423E}.Release|x64.ActiveCfg = Release|Any CPU
		{DE5A2E5F-C0C9-4D4C-A541-7F5CFE39423E}.Release|x64.Build.0 = Release|Any CPU
		{DE5A2E5F-C0C9-4D4C-A541-7F5CFE39423E}.Release|x86.ActiveCfg = Release|Any CPU
		{DE5A2E5F-C0C9-4D4C-A541-7F5CFE39423E}.Release|x86.Build.0 = Release|Any CPU
		{98E505CE-F36E-49F1-849A-F6D9619ED7C0}.Debug|Any CPU.ActiveCfg = Debug|Any CPU
		{98E505CE-F36E-49F1-849A-F6D9619ED7C0}.Debug|Any CPU.Build.0 = Debug|Any CPU
		{98E505CE-F36E-49F1-849A-F6D9619ED7C0}.Debug|x64.ActiveCfg = Debug|Any CPU
		{98E505CE-F36E-49F1-849A-F6D9619ED7C0}.Debug|x64.Build.0 = Debug|Any CPU
		{98E505CE-F36E-49F1-849A-F6D9619ED7C0}.Debug|x86.ActiveCfg = Debug|Any CPU
		{98E505CE-F36E-49F1-849A-F6D9619ED7C0}.Debug|x86.Build.0 = Debug|Any CPU
		{98E505CE-F36E-49F1-849A-F6D9619ED7C0}.Release|Any CPU.ActiveCfg = Release|Any CPU
		{98E505CE-F36E-49F1-849A-F6D9619ED7C0}.Release|Any CPU.Build.0 = Release|Any CPU
		{98E505CE-F36E-49F1-849A-F6D9619ED7C0}.Release|x64.ActiveCfg = Release|Any CPU
		{98E505CE-F36E-49F1-849A-F6D9619ED7C0}.Release|x64.Build.0 = Release|Any CPU
		{98E505CE-F36E-49F1-849A-F6D9619ED7C0}.Release|x86.ActiveCfg = Release|Any CPU
		{98E505CE-F36E-49F1-849A-F6D9619ED7C0}.Release|x86.Build.0 = Release|Any CPU
		{0BF0D077-EED0-4953-BEE1-17F738D229C4}.Debug|Any CPU.ActiveCfg = Debug|Any CPU
		{0BF0D077-EED0-4953-BEE1-17F738D229C4}.Debug|Any CPU.Build.0 = Debug|Any CPU
		{0BF0D077-EED0-4953-BEE1-17F738D229C4}.Debug|x64.ActiveCfg = Debug|Any CPU
		{0BF0D077-EED0-4953-BEE1-17F738D229C4}.Debug|x64.Build.0 = Debug|Any CPU
		{0BF0D077-EED0-4953-BEE1-17F738D229C4}.Debug|x86.ActiveCfg = Debug|Any CPU
		{0BF0D077-EED0-4953-BEE1-17F738D229C4}.Debug|x86.Build.0 = Debug|Any CPU
		{0BF0D077-EED0-4953-BEE1-17F738D229C4}.Release|Any CPU.ActiveCfg = Release|Any CPU
		{0BF0D077-EED0-4953-BEE1-17F738D229C4}.Release|Any CPU.Build.0 = Release|Any CPU
		{0BF0D077-EED0-4953-BEE1-17F738D229C4}.Release|x64.ActiveCfg = Release|Any CPU
		{0BF0D077-EED0-4953-BEE1-17F738D229C4}.Release|x64.Build.0 = Release|Any CPU
		{0BF0D077-EED0-4953-BEE1-17F738D229C4}.Release|x86.ActiveCfg = Release|Any CPU
		{0BF0D077-EED0-4953-BEE1-17F738D229C4}.Release|x86.Build.0 = Release|Any CPU
		{E14AFF46-8358-41EF-8992-FEAC2EA5850A}.Debug|Any CPU.ActiveCfg = Debug|Any CPU
		{E14AFF46-8358-41EF-8992-FEAC2EA5850A}.Debug|Any CPU.Build.0 = Debug|Any CPU
		{E14AFF46-8358-41EF-8992-FEAC2EA5850A}.Debug|x64.ActiveCfg = Debug|Any CPU
		{E14AFF46-8358-41EF-8992-FEAC2EA5850A}.Debug|x64.Build.0 = Debug|Any CPU
		{E14AFF46-8358-41EF-8992-FEAC2EA5850A}.Debug|x86.ActiveCfg = Debug|Any CPU
		{E14AFF46-8358-41EF-8992-FEAC2EA5850A}.Debug|x86.Build.0 = Debug|Any CPU
		{E14AFF46-8358-41EF-8992-FEAC2EA5850A}.Release|Any CPU.ActiveCfg = Release|Any CPU
		{E14AFF46-8358-41EF-8992-FEAC2EA5850A}.Release|Any CPU.Build.0 = Release|Any CPU
		{E14AFF46-8358-41EF-8992-FEAC2EA5850A}.Release|x64.ActiveCfg = Release|Any CPU
		{E14AFF46-8358-41EF-8992-FEAC2EA5850A}.Release|x64.Build.0 = Release|Any CPU
		{E14AFF46-8358-41EF-8992-FEAC2EA5850A}.Release|x86.ActiveCfg = Release|Any CPU
		{E14AFF46-8358-41EF-8992-FEAC2EA5850A}.Release|x86.Build.0 = Release|Any CPU
		{13BF0F5A-8B60-4927-843B-A96E66C8D7A1}.Debug|Any CPU.ActiveCfg = Debug|Any CPU
		{13BF0F5A-8B60-4927-843B-A96E66C8D7A1}.Debug|Any CPU.Build.0 = Debug|Any CPU
		{13BF0F5A-8B60-4927-843B-A96E66C8D7A1}.Debug|x64.ActiveCfg = Debug|Any CPU
		{13BF0F5A-8B60-4927-843B-A96E66C8D7A1}.Debug|x64.Build.0 = Debug|Any CPU
		{13BF0F5A-8B60-4927-843B-A96E66C8D7A1}.Debug|x86.ActiveCfg = Debug|Any CPU
		{13BF0F5A-8B60-4927-843B-A96E66C8D7A1}.Debug|x86.Build.0 = Debug|Any CPU
		{13BF0F5A-8B60-4927-843B-A96E66C8D7A1}.Release|Any CPU.ActiveCfg = Release|Any CPU
		{13BF0F5A-8B60-4927-843B-A96E66C8D7A1}.Release|Any CPU.Build.0 = Release|Any CPU
		{13BF0F5A-8B60-4927-843B-A96E66C8D7A1}.Release|x64.ActiveCfg = Release|Any CPU
		{13BF0F5A-8B60-4927-843B-A96E66C8D7A1}.Release|x64.Build.0 = Release|Any CPU
		{13BF0F5A-8B60-4927-843B-A96E66C8D7A1}.Release|x86.ActiveCfg = Release|Any CPU
		{13BF0F5A-8B60-4927-843B-A96E66C8D7A1}.Release|x86.Build.0 = Release|Any CPU
		{DF7F3F3C-0397-40AC-87F7-563FA56FBD45}.Debug|Any CPU.ActiveCfg = Debug|Any CPU
		{DF7F3F3C-0397-40AC-87F7-563FA56FBD45}.Debug|Any CPU.Build.0 = Debug|Any CPU
		{DF7F3F3C-0397-40AC-87F7-563FA56FBD45}.Debug|x64.ActiveCfg = Debug|Any CPU
		{DF7F3F3C-0397-40AC-87F7-563FA56FBD45}.Debug|x64.Build.0 = Debug|Any CPU
		{DF7F3F3C-0397-40AC-87F7-563FA56FBD45}.Debug|x86.ActiveCfg = Debug|Any CPU
		{DF7F3F3C-0397-40AC-87F7-563FA56FBD45}.Debug|x86.Build.0 = Debug|Any CPU
		{DF7F3F3C-0397-40AC-87F7-563FA56FBD45}.Release|Any CPU.ActiveCfg = Release|Any CPU
		{DF7F3F3C-0397-40AC-87F7-563FA56FBD45}.Release|Any CPU.Build.0 = Release|Any CPU
		{DF7F3F3C-0397-40AC-87F7-563FA56FBD45}.Release|x64.ActiveCfg = Release|Any CPU
		{DF7F3F3C-0397-40AC-87F7-563FA56FBD45}.Release|x64.Build.0 = Release|Any CPU
		{DF7F3F3C-0397-40AC-87F7-563FA56FBD45}.Release|x86.ActiveCfg = Release|Any CPU
		{DF7F3F3C-0397-40AC-87F7-563FA56FBD45}.Release|x86.Build.0 = Release|Any CPU
		{189E05B5-EB86-46AA-A3E0-ABFC0888CA55}.Debug|Any CPU.ActiveCfg = Debug|Any CPU
		{189E05B5-EB86-46AA-A3E0-ABFC0888CA55}.Debug|Any CPU.Build.0 = Debug|Any CPU
		{189E05B5-EB86-46AA-A3E0-ABFC0888CA55}.Debug|x64.ActiveCfg = Debug|Any CPU
		{189E05B5-EB86-46AA-A3E0-ABFC0888CA55}.Debug|x64.Build.0 = Debug|Any CPU
		{189E05B5-EB86-46AA-A3E0-ABFC0888CA55}.Debug|x86.ActiveCfg = Debug|Any CPU
		{189E05B5-EB86-46AA-A3E0-ABFC0888CA55}.Debug|x86.Build.0 = Debug|Any CPU
		{189E05B5-EB86-46AA-A3E0-ABFC0888CA55}.Release|Any CPU.ActiveCfg = Release|Any CPU
		{189E05B5-EB86-46AA-A3E0-ABFC0888CA55}.Release|Any CPU.Build.0 = Release|Any CPU
		{189E05B5-EB86-46AA-A3E0-ABFC0888CA55}.Release|x64.ActiveCfg = Release|Any CPU
		{189E05B5-EB86-46AA-A3E0-ABFC0888CA55}.Release|x64.Build.0 = Release|Any CPU
		{189E05B5-EB86-46AA-A3E0-ABFC0888CA55}.Release|x86.ActiveCfg = Release|Any CPU
		{189E05B5-EB86-46AA-A3E0-ABFC0888CA55}.Release|x86.Build.0 = Release|Any CPU
		{E8EBDA58-9A70-46D4-B824-F028115A51D4}.Debug|Any CPU.ActiveCfg = Debug|Any CPU
		{E8EBDA58-9A70-46D4-B824-F028115A51D4}.Debug|Any CPU.Build.0 = Debug|Any CPU
		{E8EBDA58-9A70-46D4-B824-F028115A51D4}.Debug|x64.ActiveCfg = Debug|Any CPU
		{E8EBDA58-9A70-46D4-B824-F028115A51D4}.Debug|x64.Build.0 = Debug|Any CPU
		{E8EBDA58-9A70-46D4-B824-F028115A51D4}.Debug|x86.ActiveCfg = Debug|Any CPU
		{E8EBDA58-9A70-46D4-B824-F028115A51D4}.Debug|x86.Build.0 = Debug|Any CPU
		{E8EBDA58-9A70-46D4-B824-F028115A51D4}.Release|Any CPU.ActiveCfg = Release|Any CPU
		{E8EBDA58-9A70-46D4-B824-F028115A51D4}.Release|Any CPU.Build.0 = Release|Any CPU
		{E8EBDA58-9A70-46D4-B824-F028115A51D4}.Release|x64.ActiveCfg = Release|Any CPU
		{E8EBDA58-9A70-46D4-B824-F028115A51D4}.Release|x64.Build.0 = Release|Any CPU
		{E8EBDA58-9A70-46D4-B824-F028115A51D4}.Release|x86.ActiveCfg = Release|Any CPU
		{E8EBDA58-9A70-46D4-B824-F028115A51D4}.Release|x86.Build.0 = Release|Any CPU
	EndGlobalSection
	GlobalSection(SolutionProperties) = preSolution
		HideSolutionNode = FALSE
	EndGlobalSection
	GlobalSection(NestedProjects) = preSolution
		{DE5A2E5F-C0C9-4D4C-A541-7F5CFE39423E} = {2856816E-9F4C-4CD7-90BB-056A858F52AF}
		{98E505CE-F36E-49F1-849A-F6D9619ED7C0} = {8354C94D-EFDC-4DF6-8EC6-2B6FF63F0CD7}
		{0BF0D077-EED0-4953-BEE1-17F738D229C4} = {99289945-B9FE-4013-84ED-69AF749FADE2}
		{E14AFF46-8358-41EF-8992-FEAC2EA5850A} = {2856816E-9F4C-4CD7-90BB-056A858F52AF}
		{13BF0F5A-8B60-4927-843B-A96E66C8D7A1} = {99289945-B9FE-4013-84ED-69AF749FADE2}
		{DF7F3F3C-0397-40AC-87F7-563FA56FBD45} = {8354C94D-EFDC-4DF6-8EC6-2B6FF63F0CD7}
		{189E05B5-EB86-46AA-A3E0-ABFC0888CA55} = {9F6C94D5-6497-4194-AE9A-FE0C2BC40D8D}
		{E8EBDA58-9A70-46D4-B824-F028115A51D4} = {99289945-B9FE-4013-84ED-69AF749FADE2}
	EndGlobalSection
	GlobalSection(ExtensibilityGlobals) = postSolution
		SolutionGuid = {CA96289F-55AB-44BA-B98E-F04DE192C0FB}
	EndGlobalSection
EndGlobal
